
Microsoft Visual Studio Solution File, Format Version 12.00
# Visual Studio Version 16
VisualStudioVersion = 16.0.29609.76
MinimumVisualStudioVersion = 10.0.40219.1
Project("{FAE04EC0-301F-11D3-BF4B-00C04F79EFBC}") = "EscapeRecruitmentRoom.Presentation", "EscapeRecruitmentRoom.Presentation\EscapeRecruitmentRoom.Presentation.csproj", "{E614610F-2C87-470C-8180-6F5B92B66013}"
EndProject
Project("{FAE04EC0-301F-11D3-BF4B-00C04F79EFBC}") = "EscapeRecruitmentRoom.Tests", "EscapeRecruitmentRoom.Tests\EscapeRecruitmentRoom.Tests.csproj", "{0F11BDCA-E0DB-4ABB-9DD5-5C363A8CA72D}"
EndProject
Global
	GlobalSection(SolutionConfigurationPlatforms) = preSolution
		Debug|Any CPU = Debug|Any CPU
		Release|Any CPU = Release|Any CPU
	EndGlobalSection
	GlobalSection(ProjectConfigurationPlatforms) = postSolution
		{E614610F-2C87-470C-8180-6F5B92B66013}.Debug|Any CPU.ActiveCfg = Debug|Any CPU
		{E614610F-2C87-470C-8180-6F5B92B66013}.Debug|Any CPU.Build.0 = Debug|Any CPU
		{E614610F-2C87-470C-8180-6F5B92B66013}.Release|Any CPU.ActiveCfg = Release|Any CPU
		{E614610F-2C87-470C-8180-6F5B92B66013}.Release|Any CPU.Build.0 = Release|Any CPU
		{0F11BDCA-E0DB-4ABB-9DD5-5C363A8CA72D}.Debug|Any CPU.ActiveCfg = Debug|Any CPU
		{0F11BDCA-E0DB-4ABB-9DD5-5C363A8CA72D}.Debug|Any CPU.Build.0 = Debug|Any CPU
		{0F11BDCA-E0DB-4ABB-9DD5-5C363A8CA72D}.Release|Any CPU.ActiveCfg = Release|Any CPU
		{0F11BDCA-E0DB-4ABB-9DD5-5C363A8CA72D}.Release|Any CPU.Build.0 = Release|Any CPU
	EndGlobalSection
	GlobalSection(SolutionProperties) = preSolution
		HideSolutionNode = FALSE
	EndGlobalSection
	GlobalSection(ExtensibilityGlobals) = postSolution
		SolutionGuid = {23E94990-4CED-4EB5-ADDC-B998D29813C5}
	EndGlobalSection
EndGlobal
